// !$*UTF8*$!
{
	archiveVersion = 1;
	classes = {
	};
	objectVersion = 46;
	objects = {

/* Begin PBXBuildFile section */
		299039391C78208B00C9C02E /* AppDelegate.swift in Sources */ = {isa = PBXBuildFile; fileRef = 299039381C78208B00C9C02E /* AppDelegate.swift */; };
		2990393B1C78208B00C9C02E /* ViewController.swift in Sources */ = {isa = PBXBuildFile; fileRef = 2990393A1C78208B00C9C02E /* ViewController.swift */; };
		2990393E1C78208B00C9C02E /* Main.storyboard in Resources */ = {isa = PBXBuildFile; fileRef = 2990393C1C78208B00C9C02E /* Main.storyboard */; };
		299039401C78208B00C9C02E /* Assets.xcassets in Resources */ = {isa = PBXBuildFile; fileRef = 2990393F1C78208B00C9C02E /* Assets.xcassets */; };
		299039431C78208B00C9C02E /* LaunchScreen.storyboard in Resources */ = {isa = PBXBuildFile; fileRef = 299039411C78208B00C9C02E /* LaunchScreen.storyboard */; };
		2990394E1C78208B00C9C02E /* LiftTests.swift in Sources */ = {isa = PBXBuildFile; fileRef = 2990394D1C78208B00C9C02E /* LiftTests.swift */; };
		299039591C78208B00C9C02E /* LiftUITests.swift in Sources */ = {isa = PBXBuildFile; fileRef = 299039581C78208B00C9C02E /* LiftUITests.swift */; };
/* End PBXBuildFile section */

/* Begin PBXContainerItemProxy section */
		2990394A1C78208B00C9C02E /* PBXContainerItemProxy */ = {
			isa = PBXContainerItemProxy;
			containerPortal = 2990392D1C78208B00C9C02E /* Project object */;
			proxyType = 1;
			remoteGlobalIDString = 299039341C78208B00C9C02E;
			remoteInfo = Lift;
		};
		299039551C78208B00C9C02E /* PBXContainerItemProxy */ = {
			isa = PBXContainerItemProxy;
			containerPortal = 2990392D1C78208B00C9C02E /* Project object */;
			proxyType = 1;
			remoteGlobalIDString = 299039341C78208B00C9C02E;
			remoteInfo = Lift;
		};
/* End PBXContainerItemProxy section */

/* Begin PBXFileReference section */
		299039351C78208B00C9C02E /* Lift.app */ = {isa = PBXFileReference; explicitFileType = wrapper.application; includeInIndex = 0; path = Lift.app; sourceTree = BUILT_PRODUCTS_DIR; };
		299039381C78208B00C9C02E /* AppDelegate.swift */ = {isa = PBXFileReference; lastKnownFileType = sourcecode.swift; path = AppDelegate.swift; sourceTree = "<group>"; };
		2990393A1C78208B00C9C02E /* ViewController.swift */ = {isa = PBXFileReference; lastKnownFileType = sourcecode.swift; path = ViewController.swift; sourceTree = "<group>"; };
		2990393D1C78208B00C9C02E /* Base */ = {isa = PBXFileReference; lastKnownFileType = file.storyboard; name = Base; path = Base.lproj/Main.storyboard; sourceTree = "<group>"; };
		2990393F1C78208B00C9C02E /* Assets.xcassets */ = {isa = PBXFileReference; lastKnownFileType = folder.assetcatalog; path = Assets.xcassets; sourceTree = "<group>"; };
		299039421C78208B00C9C02E /* Base */ = {isa = PBXFileReference; lastKnownFileType = file.storyboard; name = Base; path = Base.lproj/LaunchScreen.storyboard; sourceTree = "<group>"; };
		299039441C78208B00C9C02E /* Info.plist */ = {isa = PBXFileReference; lastKnownFileType = text.plist.xml; path = Info.plist; sourceTree = "<group>"; };
		299039491C78208B00C9C02E /* LiftTests.xctest */ = {isa = PBXFileReference; explicitFileType = wrapper.cfbundle; includeInIndex = 0; path = LiftTests.xctest; sourceTree = BUILT_PRODUCTS_DIR; };
		2990394D1C78208B00C9C02E /* LiftTests.swift */ = {isa = PBXFileReference; lastKnownFileType = sourcecode.swift; path = LiftTests.swift; sourceTree = "<group>"; };
		2990394F1C78208B00C9C02E /* Info.plist */ = {isa = PBXFileReference; lastKnownFileType = text.plist.xml; path = Info.plist; sourceTree = "<group>"; };
		299039541C78208B00C9C02E /* LiftUITests.xctest */ = {isa = PBXFileReference; explicitFileType = wrapper.cfbundle; includeInIndex = 0; path = LiftUITests.xctest; sourceTree = BUILT_PRODUCTS_DIR; };
		299039581C78208B00C9C02E /* LiftUITests.swift */ = {isa = PBXFileReference; lastKnownFileType = sourcecode.swift; path = LiftUITests.swift; sourceTree = "<group>"; };
		2990395A1C78208B00C9C02E /* Info.plist */ = {isa = PBXFileReference; lastKnownFileType = text.plist.xml; path = Info.plist; sourceTree = "<group>"; };
/* End PBXFileReference section */

/* Begin PBXFrameworksBuildPhase section */
		299039321C78208B00C9C02E /* Frameworks */ = {
			isa = PBXFrameworksBuildPhase;
			buildActionMask = 2147483647;
			files = (
			);
			runOnlyForDeploymentPostprocessing = 0;
		};
		299039461C78208B00C9C02E /* Frameworks */ = {
			isa = PBXFrameworksBuildPhase;
			buildActionMask = 2147483647;
			files = (
			);
			runOnlyForDeploymentPostprocessing = 0;
		};
		299039511C78208B00C9C02E /* Frameworks */ = {
			isa = PBXFrameworksBuildPhase;
			buildActionMask = 2147483647;
			files = (
			);
			runOnlyForDeploymentPostprocessing = 0;
		};
/* End PBXFrameworksBuildPhase section */

/* Begin PBXGroup section */
		2990392C1C78208B00C9C02E = {
			isa = PBXGroup;
			children = (
				299039371C78208B00C9C02E /* Lift */,
				2990394C1C78208B00C9C02E /* LiftTests */,
				299039571C78208B00C9C02E /* LiftUITests */,
				299039361C78208B00C9C02E /* Products */,
			);
			sourceTree = "<group>";
		};
		299039361C78208B00C9C02E /* Products */ = {
			isa = PBXGroup;
			children = (
				299039351C78208B00C9C02E /* Lift.app */,
				299039491C78208B00C9C02E /* LiftTests.xctest */,
				299039541C78208B00C9C02E /* LiftUITests.xctest */,
			);
			name = Products;
			sourceTree = "<group>";
		};
		299039371C78208B00C9C02E /* Lift */ = {
			isa = PBXGroup;
			children = (
				299039381C78208B00C9C02E /* AppDelegate.swift */,
				2990393A1C78208B00C9C02E /* ViewController.swift */,
				2990393C1C78208B00C9C02E /* Main.storyboard */,
				2990393F1C78208B00C9C02E /* Assets.xcassets */,
				299039411C78208B00C9C02E /* LaunchScreen.storyboard */,
				299039441C78208B00C9C02E /* Info.plist */,
			);
			path = Lift;
			sourceTree = "<group>";
		};
		2990394C1C78208B00C9C02E /* LiftTests */ = {
			isa = PBXGroup;
			children = (
				2990394D1C78208B00C9C02E /* LiftTests.swift */,
				2990394F1C78208B00C9C02E /* Info.plist */,
			);
			path = LiftTests;
			sourceTree = "<group>";
		};
		299039571C78208B00C9C02E /* LiftUITests */ = {
			isa = PBXGroup;
			children = (
				299039581C78208B00C9C02E /* LiftUITests.swift */,
				2990395A1C78208B00C9C02E /* Info.plist */,
			);
			path = LiftUITests;
			sourceTree = "<group>";
		};
/* End PBXGroup section */

/* Begin PBXNativeTarget section */
		299039341C78208B00C9C02E /* Lift */ = {
			isa = PBXNativeTarget;
			buildConfigurationList = 2990395D1C78208B00C9C02E /* Build configuration list for PBXNativeTarget "Lift" */;
			buildPhases = (
				299039311C78208B00C9C02E /* Sources */,
				299039321C78208B00C9C02E /* Frameworks */,
				299039331C78208B00C9C02E /* Resources */,
			);
			buildRules = (
			);
			dependencies = (
			);
			name = Lift;
			productName = Lift;
			productReference = 299039351C78208B00C9C02E /* Lift.app */;
			productType = "com.apple.product-type.application";
		};
		299039481C78208B00C9C02E /* LiftTests */ = {
			isa = PBXNativeTarget;
			buildConfigurationList = 299039601C78208B00C9C02E /* Build configuration list for PBXNativeTarget "LiftTests" */;
			buildPhases = (
				299039451C78208B00C9C02E /* Sources */,
				299039461C78208B00C9C02E /* Frameworks */,
				299039471C78208B00C9C02E /* Resources */,
			);
			buildRules = (
			);
			dependencies = (
				2990394B1C78208B00C9C02E /* PBXTargetDependency */,
			);
			name = LiftTests;
			productName = LiftTests;
			productReference = 299039491C78208B00C9C02E /* LiftTests.xctest */;
			productType = "com.apple.product-type.bundle.unit-test";
		};
		299039531C78208B00C9C02E /* LiftUITests */ = {
			isa = PBXNativeTarget;
			buildConfigurationList = 299039631C78208B00C9C02E /* Build configuration list for PBXNativeTarget "LiftUITests" */;
			buildPhases = (
				299039501C78208B00C9C02E /* Sources */,
				299039511C78208B00C9C02E /* Frameworks */,
				299039521C78208B00C9C02E /* Resources */,
			);
			buildRules = (
			);
			dependencies = (
				299039561C78208B00C9C02E /* PBXTargetDependency */,
			);
			name = LiftUITests;
			productName = LiftUITests;
			productReference = 299039541C78208B00C9C02E /* LiftUITests.xctest */;
			productType = "com.apple.product-type.bundle.ui-testing";
		};
/* End PBXNativeTarget section */

/* Begin PBXProject section */
		2990392D1C78208B00C9C02E /* Project object */ = {
			isa = PBXProject;
			attributes = {
				LastSwiftUpdateCheck = 0720;
				LastUpgradeCheck = 0720;
				ORGANIZATIONNAME = "Jordan Kauffman";
				TargetAttributes = {
					299039341C78208B00C9C02E = {
						CreatedOnToolsVersion = 7.2.1;
					};
					299039481C78208B00C9C02E = {
						CreatedOnToolsVersion = 7.2.1;
						TestTargetID = 299039341C78208B00C9C02E;
					};
					299039531C78208B00C9C02E = {
						CreatedOnToolsVersion = 7.2.1;
						TestTargetID = 299039341C78208B00C9C02E;
					};
				};
			};
			buildConfigurationList = 299039301C78208B00C9C02E /* Build configuration list for PBXProject "Lift" */;
			compatibilityVersion = "Xcode 3.2";
			developmentRegion = English;
			hasScannedForEncodings = 0;
			knownRegions = (
				en,
				Base,
			);
			mainGroup = 2990392C1C78208B00C9C02E;
			productRefGroup = 299039361C78208B00C9C02E /* Products */;
			projectDirPath = "";
			projectRoot = "";
			targets = (
				299039341C78208B00C9C02E /* Lift */,
				299039481C78208B00C9C02E /* LiftTests */,
				299039531C78208B00C9C02E /* LiftUITests */,
			);
		};
/* End PBXProject section */

/* Begin PBXResourcesBuildPhase section */
		299039331C78208B00C9C02E /* Resources */ = {
			isa = PBXResourcesBuildPhase;
			buildActionMask = 2147483647;
			files = (
				299039431C78208B00C9C02E /* LaunchScreen.storyboard in Resources */,
				299039401C78208B00C9C02E /* Assets.xcassets in Resources */,
				2990393E1C78208B00C9C02E /* Main.storyboard in Resources */,
			);
			runOnlyForDeploymentPostprocessing = 0;
		};
		299039471C78208B00C9C02E /* Resources */ = {
			isa = PBXResourcesBuildPhase;
			buildActionMask = 2147483647;
			files = (
			);
			runOnlyForDeploymentPostprocessing = 0;
		};
		299039521C78208B00C9C02E /* Resources */ = {
			isa = PBXResourcesBuildPhase;
			buildActionMask = 2147483647;
			files = (
			);
			runOnlyForDeploymentPostprocessing = 0;
		};
/* End PBXResourcesBuildPhase section */

/* Begin PBXSourcesBuildPhase section */
		299039311C78208B00C9C02E /* Sources */ = {
			isa = PBXSourcesBuildPhase;
			buildActionMask = 2147483647;
			files = (
				2990393B1C78208B00C9C02E /* ViewController.swift in Sources */,
				299039391C78208B00C9C02E /* AppDelegate.swift in Sources */,
			);
			runOnlyForDeploymentPostprocessing = 0;
		};
		299039451C78208B00C9C02E /* Sources */ = {
			isa = PBXSourcesBuildPhase;
			buildActionMask = 2147483647;
			files = (
				2990394E1C78208B00C9C02E /* LiftTests.swift in Sources */,
			);
			runOnlyForDeploymentPostprocessing = 0;
		};
		299039501C78208B00C9C02E /* Sources */ = {
			isa = PBXSourcesBuildPhase;
			buildActionMask = 2147483647;
			files = (
				299039591C78208B00C9C02E /* LiftUITests.swift in Sources */,
			);
			runOnlyForDeploymentPostprocessing = 0;
		};
/* End PBXSourcesBuildPhase section */

/* Begin PBXTargetDependency section */
		2990394B1C78208B00C9C02E /* PBXTargetDependency */ = {
			isa = PBXTargetDependency;
			target = 299039341C78208B00C9C02E /* Lift */;
			targetProxy = 2990394A1C78208B00C9C02E /* PBXContainerItemProxy */;
		};
		299039561C78208B00C9C02E /* PBXTargetDependency */ = {
			isa = PBXTargetDependency;
			target = 299039341C78208B00C9C02E /* Lift */;
			targetProxy = 299039551C78208B00C9C02E /* PBXContainerItemProxy */;
		};
/* End PBXTargetDependency section */

/* Begin PBXVariantGroup section */
		2990393C1C78208B00C9C02E /* Main.storyboard */ = {
			isa = PBXVariantGroup;
			children = (
				2990393D1C78208B00C9C02E /* Base */,
			);
			name = Main.storyboard;
			sourceTree = "<group>";
		};
		299039411C78208B00C9C02E /* LaunchScreen.storyboard */ = {
			isa = PBXVariantGroup;
			children = (
				299039421C78208B00C9C02E /* Base */,
			);
			name = LaunchScreen.storyboard;
			sourceTree = "<group>";
		};
/* End PBXVariantGroup section */

/* Begin XCBuildConfiguration section */
		2990395B1C78208B00C9C02E /* Debug */ = {
			isa = XCBuildConfiguration;
			buildSettings = {
				ALWAYS_SEARCH_USER_PATHS = NO;
				CLANG_CXX_LANGUAGE_STANDARD = "gnu++0x";
				CLANG_CXX_LIBRARY = "libc++";
				CLANG_ENABLE_MODULES = YES;
				CLANG_ENABLE_OBJC_ARC = YES;
				CLANG_WARN_BOOL_CONVERSION = YES;
				CLANG_WARN_CONSTANT_CONVERSION = YES;
				CLANG_WARN_DIRECT_OBJC_ISA_USAGE = YES_ERROR;
				CLANG_WARN_EMPTY_BODY = YES;
				CLANG_WARN_ENUM_CONVERSION = YES;
				CLANG_WARN_INT_CONVERSION = YES;
				CLANG_WARN_OBJC_ROOT_CLASS = YES_ERROR;
				CLANG_WARN_UNREACHABLE_CODE = YES;
				CLANG_WARN__DUPLICATE_METHOD_MATCH = YES;
				"CODE_SIGN_IDENTITY[sdk=iphoneos*]" = "iPhone Developer";
				COPY_PHASE_STRIP = NO;
				DEBUG_INFORMATION_FORMAT = dwarf;
				ENABLE_STRICT_OBJC_MSGSEND = YES;
				ENABLE_TESTABILITY = YES;
				GCC_C_LANGUAGE_STANDARD = gnu99;
				GCC_DYNAMIC_NO_PIC = NO;
				GCC_NO_COMMON_BLOCKS = YES;
				GCC_OPTIMIZATION_LEVEL = 0;
				GCC_PREPROCESSOR_DEFINITIONS = (
					"DEBUG=1",
					"$(inherited)",
				);
				GCC_WARN_64_TO_32_BIT_CONVERSION = YES;
				GCC_WARN_ABOUT_RETURN_TYPE = YES_ERROR;
				GCC_WARN_UNDECLARED_SELECTOR = YES;
				GCC_WARN_UNINITIALIZED_AUTOS = YES_AGGRESSIVE;
				GCC_WARN_UNUSED_FUNCTION = YES;
				GCC_WARN_UNUSED_VARIABLE = YES;
				IPHONEOS_DEPLOYMENT_TARGET = 9.2;
				MTL_ENABLE_DEBUG_INFO = YES;
				ONLY_ACTIVE_ARCH = YES;
				SDKROOT = iphoneos;
				SWIFT_OPTIMIZATION_LEVEL = "-Onone";
			};
			name = Debug;
		};
		2990395C1C78208B00C9C02E /* Release */ = {
			isa = XCBuildConfiguration;
			buildSettings = {
				ALWAYS_SEARCH_USER_PATHS = NO;
				CLANG_CXX_LANGUAGE_STANDARD = "gnu++0x";
				CLANG_CXX_LIBRARY = "libc++";
				CLANG_ENABLE_MODULES = YES;
				CLANG_ENABLE_OBJC_ARC = YES;
				CLANG_WARN_BOOL_CONVERSION = YES;
				CLANG_WARN_CONSTANT_CONVERSION = YES;
				CLANG_WARN_DIRECT_OBJC_ISA_USAGE = YES_ERROR;
				CLANG_WARN_EMPTY_BODY = YES;
				CLANG_WARN_ENUM_CONVERSION = YES;
				CLANG_WARN_INT_CONVERSION = YES;
				CLANG_WARN_OBJC_ROOT_CLASS = YES_ERROR;
				CLANG_WARN_UNREACHABLE_CODE = YES;
				CLANG_WARN__DUPLICATE_METHOD_MATCH = YES;
				"CODE_SIGN_IDENTITY[sdk=iphoneos*]" = "iPhone Developer";
				COPY_PHASE_STRIP = NO;
				DEBUG_INFORMATION_FORMAT = "dwarf-with-dsym";
				ENABLE_NS_ASSERTIONS = NO;
				ENABLE_STRICT_OBJC_MSGSEND = YES;
				GCC_C_LANGUAGE_STANDARD = gnu99;
				GCC_NO_COMMON_BLOCKS = YES;
				GCC_WARN_64_TO_32_BIT_CONVERSION = YES;
				GCC_WARN_ABOUT_RETURN_TYPE = YES_ERROR;
				GCC_WARN_UNDECLARED_SELECTOR = YES;
				GCC_WARN_UNINITIALIZED_AUTOS = YES_AGGRESSIVE;
				GCC_WARN_UNUSED_FUNCTION = YES;
				GCC_WARN_UNUSED_VARIABLE = YES;
				IPHONEOS_DEPLOYMENT_TARGET = 9.2;
				MTL_ENABLE_DEBUG_INFO = NO;
				SDKROOT = iphoneos;
				VALIDATE_PRODUCT = YES;
			};
			name = Release;
		};
		2990395E1C78208B00C9C02E /* Debug */ = {
			isa = XCBuildConfiguration;
			buildSettings = {
				ASSETCATALOG_COMPILER_APPICON_NAME = AppIcon;
				INFOPLIST_FILE = Lift/Info.plist;
				LD_RUNPATH_SEARCH_PATHS = "$(inherited) @executable_path/Frameworks";
				PRODUCT_BUNDLE_IDENTIFIER = "Jordan-Kauffman.Lift";
				PRODUCT_NAME = "$(TARGET_NAME)";
			};
			name = Debug;
		};
		2990395F1C78208B00C9C02E /* Release */ = {
			isa = XCBuildConfiguration;
			buildSettings = {
				ASSETCATALOG_COMPILER_APPICON_NAME = AppIcon;
				INFOPLIST_FILE = Lift/Info.plist;
				LD_RUNPATH_SEARCH_PATHS = "$(inherited) @executable_path/Frameworks";
				PRODUCT_BUNDLE_IDENTIFIER = "Jordan-Kauffman.Lift";
				PRODUCT_NAME = "$(TARGET_NAME)";
			};
			name = Release;
		};
		299039611C78208B00C9C02E /* Debug */ = {
			isa = XCBuildConfiguration;
			buildSettings = {
				BUNDLE_LOADER = "$(TEST_HOST)";
				INFOPLIST_FILE = LiftTests/Info.plist;
				LD_RUNPATH_SEARCH_PATHS = "$(inherited) @executable_path/Frameworks @loader_path/Frameworks";
				PRODUCT_BUNDLE_IDENTIFIER = "Jordan-Kauffman.LiftTests";
				PRODUCT_NAME = "$(TARGET_NAME)";
				TEST_HOST = "$(BUILT_PRODUCTS_DIR)/Lift.app/Lift";
			};
			name = Debug;
		};
		299039621C78208B00C9C02E /* Release */ = {
			isa = XCBuildConfiguration;
			buildSettings = {
				BUNDLE_LOADER = "$(TEST_HOST)";
				INFOPLIST_FILE = LiftTests/Info.plist;
				LD_RUNPATH_SEARCH_PATHS = "$(inherited) @executable_path/Frameworks @loader_path/Frameworks";
				PRODUCT_BUNDLE_IDENTIFIER = "Jordan-Kauffman.LiftTests";
				PRODUCT_NAME = "$(TARGET_NAME)";
				TEST_HOST = "$(BUILT_PRODUCTS_DIR)/Lift.app/Lift";
			};
			name = Release;
		};
		299039641C78208B00C9C02E /* Debug */ = {
			isa = XCBuildConfiguration;
			buildSettings = {
				INFOPLIST_FILE = LiftUITests/Info.plist;
				LD_RUNPATH_SEARCH_PATHS = "$(inherited) @executable_path/Frameworks @loader_path/Frameworks";
				PRODUCT_BUNDLE_IDENTIFIER = "Jordan-Kauffman.LiftUITests";
				PRODUCT_NAME = "$(TARGET_NAME)";
				TEST_TARGET_NAME = Lift;
				USES_XCTRUNNER = YES;
			};
			name = Debug;
		};
		299039651C78208B00C9C02E /* Release */ = {
			isa = XCBuildConfiguration;
			buildSettings = {
				INFOPLIST_FILE = LiftUITests/Info.plist;
				LD_RUNPATH_SEARCH_PATHS = "$(inherited) @executable_path/Frameworks @loader_path/Frameworks";
				PRODUCT_BUNDLE_IDENTIFIER = "Jordan-Kauffman.LiftUITests";
				PRODUCT_NAME = "$(TARGET_NAME)";
				TEST_TARGET_NAME = Lift;
				USES_XCTRUNNER = YES;
			};
			name = Release;
		};
/* End XCBuildConfiguration section */

/* Begin XCConfigurationList section */
		299039301C78208B00C9C02E /* Build configuration list for PBXProject "Lift" */ = {
			isa = XCConfigurationList;
			buildConfigurations = (
				2990395B1C78208B00C9C02E /* Debug */,
				2990395C1C78208B00C9C02E /* Release */,
			);
			defaultConfigurationIsVisible = 0;
			defaultConfigurationName = Release;
		};
		2990395D1C78208B00C9C02E /* Build configuration list for PBXNativeTarget "Lift" */ = {
			isa = XCConfigurationList;
			buildConfigurations = (
				2990395E1C78208B00C9C02E /* Debug */,
				2990395F1C78208B00C9C02E /* Release */,
			);
			defaultConfigurationIsVisible = 0;
		};
		299039601C78208B00C9C02E /* Build configuration list for PBXNativeTarget "LiftTests" */ = {
			isa = XCConfigurationList;
			buildConfigurations = (
				299039611C78208B00C9C02E /* Debug */,
				299039621C78208B00C9C02E /* Release */,
			);
			defaultConfigurationIsVisible = 0;
		};
		299039631C78208B00C9C02E /* Build configuration list for PBXNativeTarget "LiftUITests" */ = {
			isa = XCConfigurationList;
			buildConfigurations = (
				299039641C78208B00C9C02E /* Debug */,
				299039651C78208B00C9C02E /* Release */,
			);
			defaultConfigurationIsVisible = 0;
		};
/* End XCConfigurationList section */
	};
	rootObject = 2990392D1C78208B00C9C02E /* Project object */;
}
